
Microsoft Visual Studio Solution File, Format Version 12.00
# Visual Studio 15
Project("{FAE04EC0-301F-11D3-BF4B-00C04F79EFBC}") = "Assembly-CSharp", "Assembly-CSharp.csproj", "{1DD549F5-A2C8-98CD-771F-0ADD1705E568}"
EndProject
Project("{FAE04EC0-301F-11D3-BF4B-00C04F79EFBC}") = "Assembly-CSharp-Editor", "Assembly-CSharp-Editor.csproj", "{13972BA7-A4A5-C74C-D8A8-FE63B6EB21AB}"
EndProject
Project("{FAE04EC0-301F-11D3-BF4B-00C04F79EFBC}") = "Assembly-CSharp-firstpass", "Assembly-CSharp-firstpass.csproj", "{7D90BDA1-428B-70B4-E63A-2C3E580FB545}"
EndProject
Global
	GlobalSection(SolutionConfigurationPlatforms) = preSolution
		Debug|Any CPU = Debug|Any CPU
		Release|Any CPU = Release|Any CPU
	EndGlobalSection
	GlobalSection(ProjectConfigurationPlatforms) = postSolution
		{1DD549F5-A2C8-98CD-771F-0ADD1705E568}.Debug|Any CPU.ActiveCfg = Debug|Any CPU
		{1DD549F5-A2C8-98CD-771F-0ADD1705E568}.Debug|Any CPU.Build.0 = Debug|Any CPU
		{1DD549F5-A2C8-98CD-771F-0ADD1705E568}.Release|Any CPU.ActiveCfg = Release|Any CPU
		{1DD549F5-A2C8-98CD-771F-0ADD1705E568}.Release|Any CPU.Build.0 = Release|Any CPU
		{13972BA7-A4A5-C74C-D8A8-FE63B6EB21AB}.Debug|Any CPU.ActiveCfg = Debug|Any CPU
		{13972BA7-A4A5-C74C-D8A8-FE63B6EB21AB}.Debug|Any CPU.Build.0 = Debug|Any CPU
		{13972BA7-A4A5-C74C-D8A8-FE63B6EB21AB}.Release|Any CPU.ActiveCfg = Release|Any CPU
		{13972BA7-A4A5-C74C-D8A8-FE63B6EB21AB}.Release|Any CPU.Build.0 = Release|Any CPU
		{7D90BDA1-428B-70B4-E63A-2C3E580FB545}.Debug|Any CPU.ActiveCfg = Debug|Any CPU
		{7D90BDA1-428B-70B4-E63A-2C3E580FB545}.Debug|Any CPU.Build.0 = Debug|Any CPU
		{7D90BDA1-428B-70B4-E63A-2C3E580FB545}.Release|Any CPU.ActiveCfg = Release|Any CPU
		{7D90BDA1-428B-70B4-E63A-2C3E580FB545}.Release|Any CPU.Build.0 = Release|Any CPU
	EndGlobalSection
	GlobalSection(SolutionProperties) = preSolution
		HideSolutionNode = FALSE
	EndGlobalSection
EndGlobal
